dependencies:
- name: home-assistant
  repository: https://pajikos.github.io/home-assistant-helm-chart/
  version: 0.3.67
- name: local
  repository: file://charts/local
  version: 0.0.1
digest: sha256:e9e174a8f27fac7075634194848b88e709eef05b74fe08d61df6ef2d8d09b61c
generated: "2026-06-28T22:49:00.644091+01:00"
